
Microsoft Visual Studio Solution File, Format Version 12.00
# Visual Studio Version 17
VisualStudioVersion = 17.14.36414.22 d17.14
MinimumVisualStudioVersion = 10.0.40219.1
Project("{FAE04EC0-301F-11D3-BF4B-00C04F79EFBC}") = "StudentInformationSystem", "StudentInformationSystem\StudentInformationSystem.csproj", "{E5F2C007-D61B-4229-A4A4-6C55A8FF808D}"
EndProject
Global
	GlobalSection(SolutionConfigurationPlatforms) = preSolution
		Debug|Any CPU = Debug|Any CPU
		Release|Any CPU = Release|Any CPU
	EndGlobalSection
	GlobalSection(ProjectConfigurationPlatforms) = postSolution
		{E5F2C007-D61B-4229-A4A4-6C55A8FF808D}.Debug|Any CPU.ActiveCfg = Debug|Any CPU
		{E5F2C007-D61B-4229-A4A4-6C55A8FF808D}.Debug|Any CPU.Build.0 = Debug|Any CPU
		{E5F2C007-D61B-4229-A4A4-6C55A8FF808D}.Release|Any CPU.ActiveCfg = Release|Any CPU
		{E5F2C007-D61B-4229-A4A4-6C55A8FF808D}.Release|Any CPU.Build.0 = Release|Any CPU
	EndGlobalSection
	GlobalSection(SolutionProperties) = preSolution
		HideSolutionNode = FALSE
	EndGlobalSection
	GlobalSection(ExtensibilityGlobals) = postSolution
		SolutionGuid = {9A39E3A9-A395-42C1-A54D-FA3F23277D2B}
	EndGlobalSection
EndGlobal
